Microsoft Visual Studio Solution File, Format Version 12.00
# Visual Studio Version 17
VisualStudioVersion = 17.5.2.0
MinimumVisualStudioVersion = 10.0.40219.1
Project("{FAE04EC0-301F-11D3-BF4B-00C04F79EFBC}") = "FanScore.Api", "FanScore.Api\FanScore.Api.csproj", "{7E5DC03D-789A-FD91-7D7C-8D7E7B1F12EE}"
EndProject
Global
	GlobalSection(SolutionConfigurationPlatforms) = preSolution
		Debug|Any CPU = Debug|Any CPU
		Release|Any CPU = Release|Any CPU
	EndGlobalSection
	GlobalSection(ProjectConfigurationPlatforms) = postSolution
		{7E5DC03D-789A-FD91-7D7C-8D7E7B1F12EE}.Debug|Any CPU.ActiveCfg = Debug|Any CPU
		{7E5DC03D-789A-FD91-7D7C-8D7E7B1F12EE}.Debug|Any CPU.Build.0 = Debug|Any CPU
		{7E5DC03D-789A-FD91-7D7C-8D7E7B1F12EE}.Release|Any CPU.ActiveCfg = Release|Any CPU
		{7E5DC03D-789A-FD91-7D7C-8D7E7B1F12EE}.Release|Any CPU.Build.0 = Release|Any CPU
	EndGlobalSection
	GlobalSection(SolutionProperties) = preSolution
		HideSolutionNode = FALSE
	EndGlobalSection
	GlobalSection(ExtensibilityGlobals) = postSolution
		SolutionGuid = {58C1B654-6350-4FC8-BEEE-79FEDABA798B}
	EndGlobalSection
EndGlobal
